{
  "version": 4,
  "terraform_version": "1.12.0",
  "serial": 3,
  "lineage": "9bc60de7-125b-a940-c336-e305f4b8c232",
  "outputs": {},
  "resources": [
    {
      "mode": "managed",
      "type": "google_container_cluster",
      "name": "techworld",
      "provider": "provider[\"registry.terraform.io/hashicorp/google\"]",
      "instances": [
        {
          "schema_version": 2,
          "attributes": {
            "addons_config": [
              {
                "cloudrun_config": [],
                "config_connector_config": [],
                "dns_cache_config": [],
                "gce_persistent_disk_csi_driver_config": [
                  {
                    "enabled": true
                  }
                ],
                "gcp_filestore_csi_driver_config": [],
                "gcs_fuse_csi_driver_config": [],
                "gke_backup_agent_config": [],
                "horizontal_pod_autoscaling": [],
                "http_load_balancing": [
                  {
                    "disabled": false
                  }
                ],
                "network_policy_config": [
                  {
                    "disabled": true
                  }
                ],
                "parallelstore_csi_driver_config": [],
                "ray_operator_config": [],
                "stateful_ha_config": []
              }
            ],
            "allow_net_admin": null,
            "authenticator_groups_config": [],
            "binary_authorization": [
              {
                "enabled": false,
                "evaluation_mode": ""
              }
            ],
            "cluster_autoscaling": [
              {
                "auto_provisioning_defaults": [],
                "auto_provisioning_locations": [],
                "autoscaling_profile": "BALANCED",
                "enabled": false,
                "resource_limits": []
              }
            ],
            "cluster_ipv4_cidr": "10.52.0.0/14",
            "confidential_nodes": [],
            "control_plane_endpoints_config": [
              {
                "dns_endpoint_config": [
                  {
                    "allow_external_traffic": false,
                    "endpoint": "gke-7371d2a3a6bb41988f1f01a8bdb27a384c58-279302603106.asia-southeast1-a.gke.goog"
                  }
                ],
                "ip_endpoints_config": [
                  {
                    "enabled": true
                  }
                ]
              }
            ],
            "cost_management_config": [],
            "database_encryption": [
              {
                "key_name": "",
                "state": "DECRYPTED"
              }
            ],
            "datapath_provider": "",
            "default_max_pods_per_node": 110,
            "default_snat_status": [
              {
                "disabled": false
              }
            ],
            "deletion_protection": true,
            "description": "",
            "disable_l4_lb_firewall_reconciliation": false,
            "dns_config": [],
            "effective_labels": {
              "goog-terraform-provisioned": "true"
            },
            "enable_autopilot": false,
            "enable_cilium_clusterwide_network_policy": false,
            "enable_fqdn_network_policy": false,
            "enable_intranode_visibility": false,
            "enable_k8s_beta_apis": [],
            "enable_kubernetes_alpha": false,
            "enable_l4_ilb_subsetting": false,
            "enable_legacy_abac": false,
            "enable_multi_networking": false,
            "enable_shielded_nodes": true,
            "enable_tpu": false,
            "endpoint": "34.124.254.108",
            "enterprise_config": [
              {
                "cluster_tier": "STANDARD",
                "desired_tier": ""
              }
            ],
            "fleet": [],
            "gateway_api_config": [],
            "id": "projects/enterprise-452702/locations/asia-southeast1-a/clusters/techworld-cluster",
            "identity_service_config": [],
            "in_transit_encryption_config": "",
            "initial_node_count": 1,
            "ip_allocation_policy": [
              {
                "additional_pod_ranges_config": [],
                "cluster_ipv4_cidr_block": "10.52.0.0/14",
                "cluster_secondary_range_name": "gke-techworld-cluster-pods-7371d2a3",
                "pod_cidr_overprovision_config": [
                  {
                    "disabled": false
                  }
                ],
                "services_ipv4_cidr_block": "34.118.224.0/20",
                "services_secondary_range_name": "",
                "stack_type": "IPV4"
              }
            ],
            "label_fingerprint": "78cdf2f6",
            "location": "asia-southeast1-a",
            "logging_config": [
              {
                "enable_components": [
                  "SYSTEM_COMPONENTS",
                  "WORKLOADS"
                ]
              }
            ],
            "logging_service": "logging.googleapis.com/kubernetes",
            "maintenance_policy": [],
            "master_auth": [
              {
                "client_certificate": "",
                "client_certificate_config": [
                  {
                    "issue_client_certificate": false
                  }
                ],
                "client_key": "",
                "cluster_ca_certificate": "LS0tLS1CRUdJTiBDRVJUSUZJQ0FURS0tLS0tCk1JSUVMVENDQXBXZ0F3SUJBZ0lSQUwzMmhpYlN5WWRUczRLRFZqc0NsTkF3RFFZSktvWklodmNOQVFFTEJRQXcKTHpFdE1Dc0dBMVVFQXhNa056VmhaakUyTVdZdFpETmhPUzAwTURKakxUaGhNVEl0Wm1NNFlqZ3hZakE1WWpOaQpNQ0FYRFRJMU1EVXlNVEl4TWpNd05Gb1lEekl3TlRVd05URTBNakl5TXpBMFdqQXZNUzB3S3dZRFZRUURFeVEzCk5XRm1NVFl4Wmkxa00yRTVMVFF3TW1NdE9HRXhNaTFtWXpoaU9ERmlNRGxpTTJJd2dnR2lNQTBHQ1NxR1NJYjMKRFFFQkFRVUFBNElCandBd2dnR0tBb0lCZ1FERTdzKzJXZGxZTE03MERjUTRtMlJsRk90WW1qMEV0L0lKRWg5Zgo0R2NJTUpLV1FCUXpGV0VQOWFmRFpPSG5VZ2ltUTVWSTZqYVdxaXpLbEFnQ2pONk9OelR3RlVYdzRQUWsrRkZ2CitFMEY0RXBHQWNzLzV5U3ArNG5QdGFVZTNyRTJyTFZOZWFod3hDZU1LWXZRSGZXNTN4M05JSUhTS2daNjV6VjkKVFlYcjJucjUvT2RqMDlzUEdlOForL1lBaExZTTVUcG1aT1VReHhpbGNmUDk3QktpTnFaK0puQnZiSVdrZ3RVYwp0UHJIU3VIN20xU2xHZHorTFVWWE9DT2Zkelh4VWZkZmlLdUpzWEk1ZGlTd0lGbkVEazZTbXFqQTZpaFl6U2QyCnFiTnJxdjM2WUQxL0ptNVo3MThQWWZvZmZHYU5ZdlZPR2ZMZUNyTGh4TUlKam92dGswY2pBdXBkSUY1bVJFWm4KTGRscThrdGY1Wmx0YXhweUVZeDBQZ0kxRnhJanVMTE1EN2MrRWRXUkxGdmw5cFMzeklJNWEwK0tJQjVoZkx2RgpyNkJYY3doRUpNNHl5dnVVQTB3SVJXSUtORmgxa3h4L3NMSzV0YjhTSWlTYXh0RGZRN0dtUE1VZXlKcEEwMXJwCmtLZjlvTmlNQ1VZSmcxTEdXN3BqbGZ6TnZBOENBd0VBQWFOQ01FQXdEZ1lEVlIwUEFRSC9CQVFEQWdJRU1BOEcKQTFVZEV3RUIvd1FGTUFNQkFmOHdIUVlEVlIwT0JCWUVGRC92L053ZVg5WDh0NThDRHlFY25qOUE0NEd5TUEwRwpDU3FHU0liM0RRRUJDd1VBQTRJQmdRQ2R6MUt5OElTWHRQQzBsdEpkS3RmbGhtcHp1eVdLbFZPSSt3Tk1PSE13Ck9VeGw2QmtWVFQ5ajNoR2JER1M5NkFPMDQxemlGTG03WE5GOWNiOVR3aE5iMHhaNkVJdUNUQUh1bDZQU3FGMU8KVGhtaTRJWTRibHNxU3JUeVVzKzZueDJWQTV6eElmSnYvRHIzN0pVWGdMSVIzampkWXk5SXE1aGExVVp1dnk3Lwo1Vm1ta0VGeVJ6alZwVVZDME1odlY0UzVkTjFuNjFDNGdOeWwrelEzUEljbjJYQWw0NFlRSFVWVDhaVDVYYjk4Ck4rRTJpc1NoRTFOV3hDL1BxVzJEVnkvSTVUWkVYRHlXdnZrMTkzbCs0ZDRKZEd2UmJIdE1Ga2w5Z011K1dpSEUKaGNaK2JwNG1QMU1GdEgxaFdzckNoVWZYeWpyWmJPWnlmWWNBS0FLTkh5bmpKS2tLamtKUnVQb0RabUxiZUJ1QQoxS016aFA3N3dPNFpHbG5qM0lVWWtta3FUUUZrNUoxNmdLR1Bqa1BIQWZYL09weXp3OUdvcnJ2QTU1UncvYjhGCkRha0FWYVZzek1XUDM0OVdPYjJ6UGJ3a3ZDK1VHUFplb0ZhUnRrR0xEblQ5MGNhaGFBUDRhelZGNGwyV2pyMEcKdUZBSXBvc3g0QWNLc2ZWQjAremtuMXM9Ci0tLS0tRU5EIENFUlRJRklDQVRFLS0tLS0K"
              }
            ],
            "master_authorized_networks_config": [],
            "master_version": "1.32.3-gke.1785003",
            "mesh_certificates": [],
            "min_master_version": null,
            "monitoring_config": [
              {
                "advanced_datapath_observability_config": [
                  {
                    "enable_metrics": false,
                    "enable_relay": false
                  }
                ],
                "enable_components": [
                  "SYSTEM_COMPONENTS",
                  "STORAGE",
                  "HPA",
                  "POD",
                  "DAEMONSET",
                  "DEPLOYMENT",
                  "STATEFULSET",
                  "JOBSET",
                  "CADVISOR",
                  "KUBELET",
                  "DCGM"
                ],
                "managed_prometheus": [
                  {
                    "auto_monitoring_config": [],
                    "enabled": true
                  }
                ]
              }
            ],
            "monitoring_service": "monitoring.googleapis.com/kubernetes",
            "name": "techworld-cluster",
            "network": "projects/enterprise-452702/global/networks/default",
            "network_policy": [
              {
                "enabled": false,
                "provider": "PROVIDER_UNSPECIFIED"
              }
            ],
            "networking_mode": "VPC_NATIVE",
            "node_config": [],
            "node_locations": [],
            "node_pool": [],
            "node_pool_auto_config": [
              {
                "linux_node_config": [],
                "network_tags": [],
                "node_kubelet_config": [
                  {
                    "insecure_kubelet_readonly_port_enabled": "FALSE"
                  }
                ],
                "resource_manager_tags": {}
              }
            ],
            "node_pool_defaults": [
              {
                "node_config_defaults": [
                  {
                    "containerd_config": [],
                    "gcfs_config": [],
                    "insecure_kubelet_readonly_port_enabled": "FALSE",
                    "logging_variant": "DEFAULT"
                  }
                ]
              }
            ],
            "node_version": "1.32.3-gke.1785003",
            "notification_config": [
              {
                "pubsub": [
                  {
                    "enabled": false,
                    "filter": [],
                    "topic": ""
                  }
                ]
              }
            ],
            "operation": null,
            "private_cluster_config": [
              {
                "enable_private_endpoint": false,
                "enable_private_nodes": false,
                "master_global_access_config": [
                  {
                    "enabled": false
                  }
                ],
                "master_ipv4_cidr_block": "",
                "peering_name": "",
                "private_endpoint": "10.148.0.46",
                "private_endpoint_subnetwork": "",
                "public_endpoint": "34.124.254.108"
              }
            ],
            "private_ipv6_google_access": "",
            "project": "enterprise-452702",
            "release_channel": [
              {
                "channel": "REGULAR"
              }
            ],
            "remove_default_node_pool": true,
            "resource_labels": null,
            "resource_usage_export_config": [],
            "secret_manager_config": [
              {
                "enabled": false
              }
            ],
            "security_posture_config": [
              {
                "mode": "BASIC",
                "vulnerability_mode": "VULNERABILITY_MODE_UNSPECIFIED"
              }
            ],
            "self_link": "https://container.googleapis.com/v1/projects/enterprise-452702/zones/asia-southeast1-a/clusters/techworld-cluster",
            "service_external_ips_config": [
              {
                "enabled": false
              }
            ],
            "services_ipv4_cidr": "34.118.224.0/20",
            "subnetwork": "projects/enterprise-452702/regions/asia-southeast1/subnetworks/default",
            "terraform_labels": {
              "goog-terraform-provisioned": "true"
            },
            "timeouts": null,
            "tpu_ipv4_cidr_block": "",
            "user_managed_keys_config": [],
            "vertical_pod_autoscaling": [
              {
                "enabled": true
              }
            ],
            "workload_identity_config": []
          },
          "sensitive_attributes": [
            [
              {
                "type": "get_attr",
                "value": "master_auth"
              },
              {
                "type": "index",
                "value": {
                  "value": 0,
                  "type": "number"
                }
              },
              {
                "type": "get_attr",
                "value": "client_key"
              }
            ]
          ],
          "identity_schema_version": 0,
          "private": "eyJlMmJmYjczMC1lY2FhLTExZTYtOGY4OC0zNDM2M2JjN2M0YzAiOnsiY3JlYXRlIjoyNDAwMDAwMDAwMDAwLCJkZWxldGUiOjI0MDAwMDAwMDAwMDAsInJlYWQiOjI0MDAwMDAwMDAwMDAsInVwZGF0ZSI6MzYwMDAwMDAwMDAwMH0sInNjaGVtYV92ZXJzaW9uIjoiMiJ9"
        }
      ]
    },
    {
      "mode": "managed",
      "type": "google_container_node_pool",
      "name": "default_nodes",
      "provider": "provider[\"registry.terraform.io/hashicorp/google\"]",
      "instances": [
        {
          "schema_version": 1,
          "attributes": {
            "autoscaling": [
              {
                "location_policy": "BALANCED",
                "max_node_count": 3,
                "min_node_count": 3,
                "total_max_node_count": 0,
                "total_min_node_count": 0
              }
            ],
            "cluster": "techworld-cluster",
            "id": "projects/enterprise-452702/locations/asia-southeast1-a/clusters/techworld-cluster/nodePools/default-node-pool",
            "initial_node_count": 3,
            "instance_group_urls": [
              "https://www.googleapis.com/compute/v1/projects/enterprise-452702/zones/asia-southeast1-a/instanceGroupManagers/gke-techworld-cluste-default-node-poo-987bd611-grp"
            ],
            "location": "asia-southeast1-a",
            "managed_instance_group_urls": [
              "https://www.googleapis.com/compute/v1/projects/enterprise-452702/zones/asia-southeast1-a/instanceGroups/gke-techworld-cluste-default-node-poo-987bd611-grp"
            ],
            "management": [
              {
                "auto_repair": true,
                "auto_upgrade": true
              }
            ],
            "max_pods_per_node": 110,
            "name": "default-node-pool",
            "name_prefix": "",
            "network_config": [
              {
                "additional_node_network_configs": [],
                "additional_pod_network_configs": [],
                "create_pod_range": false,
                "enable_private_nodes": false,
                "network_performance_config": [],
                "pod_cidr_overprovision_config": [],
                "pod_ipv4_cidr_block": "10.52.0.0/14",
                "pod_range": "gke-techworld-cluster-pods-7371d2a3"
              }
            ],
            "node_config": [
              {
                "advanced_machine_features": [],
                "boot_disk_kms_key": "",
                "confidential_nodes": [],
                "containerd_config": [],
                "disk_size_gb": 30,
                "disk_type": "pd-balanced",
                "effective_taints": [],
                "enable_confidential_storage": false,
                "ephemeral_storage_local_ssd_config": [],
                "fast_socket": [],
                "gcfs_config": [],
                "guest_accelerator": [],
                "gvnic": [],
                "host_maintenance_policy": [],
                "image_type": "UBUNTU_CONTAINERD",
                "kubelet_config": [
                  {
                    "allowed_unsafe_sysctls": [],
                    "container_log_max_files": 0,
                    "container_log_max_size": "",
                    "cpu_cfs_quota": false,
                    "cpu_cfs_quota_period": "",
                    "cpu_manager_policy": "",
                    "image_gc_high_threshold_percent": 0,
                    "image_gc_low_threshold_percent": 0,
                    "image_maximum_gc_age": "",
                    "image_minimum_gc_age": "",
                    "insecure_kubelet_readonly_port_enabled": "FALSE",
                    "pod_pids_limit": 0
                  }
                ],
                "labels": {
                  "env": "prod"
                },
                "linux_node_config": [],
                "local_nvme_ssd_block_config": [],
                "local_ssd_count": 0,
                "local_ssd_encryption_mode": "",
                "logging_variant": "DEFAULT",
                "machine_type": "e2-medium",
                "max_run_duration": "",
                "metadata": {
                  "disable-legacy-endpoints": "true"
                },
                "min_cpu_platform": "",
                "node_group": "",
                "oauth_scopes": [
                  "https://www.googleapis.com/auth/cloud-platform"
                ],
                "preemptible": false,
                "reservation_affinity": [],
                "resource_labels": {
                  "goog-gke-node-pool-provisioning-model": "on-demand"
                },
                "resource_manager_tags": null,
                "secondary_boot_disks": [],
                "service_account": "default",
                "shielded_instance_config": [
                  {
                    "enable_integrity_monitoring": true,
                    "enable_secure_boot": true
                  }
                ],
                "sole_tenant_config": [],
                "spot": false,
                "storage_pools": null,
                "tags": [
                  "gke-node"
                ],
                "taint": [],
                "windows_node_config": [
                  {
                    "osversion": ""
                  }
                ],
                "workload_metadata_config": []
              }
            ],
            "node_count": 3,
            "node_locations": [
              "asia-southeast1-a"
            ],
            "operation": null,
            "placement_policy": [],
            "project": "enterprise-452702",
            "queued_provisioning": [],
            "timeouts": null,
            "upgrade_settings": [
              {
                "blue_green_settings": [],
                "max_surge": 1,
                "max_unavailable": 0,
                "strategy": "SURGE"
              }
            ],
            "version": "1.32.3-gke.1785003"
          },
          "sensitive_attributes": [],
          "identity_schema_version": 0,
          "private": "eyJlMmJmYjczMC1lY2FhLTExZTYtOGY4OC0zNDM2M2JjN2M0YzAiOnsiY3JlYXRlIjoxODAwMDAwMDAwMDAwLCJkZWxldGUiOjE4MDAwMDAwMDAwMDAsInVwZGF0ZSI6MTgwMDAwMDAwMDAwMH0sInNjaGVtYV92ZXJzaW9uIjoiMSJ9",
          "dependencies": [
            "google_container_cluster.techworld"
          ]
        }
      ]
    }
  ],
  "check_results": null
}
